
Microsoft Visual Studio Solution File, Format Version 12.00
# Visual Studio Version 17
VisualStudioVersion = 17.9.34526.213
MinimumVisualStudioVersion = 10.0.40219.1
Project("{FAE04EC0-301F-11D3-BF4B-00C04F79EFBC}") = "Calculator.WpfApp", "Calculator.WpfApp\Calculator.WpfApp.csproj", "{302757F7-3C03-4E9F-B959-4E8DD5FA107D}"
EndProject
Global
	GlobalSection(SolutionConfigurationPlatforms) = preSolution
		Debug|Any CPU = Debug|Any CPU
		Release|Any CPU = Release|Any CPU
	EndGlobalSection
	GlobalSection(ProjectConfigurationPlatforms) = postSolution
		{302757F7-3C03-4E9F-B959-4E8DD5FA107D}.Debug|Any CPU.ActiveCfg = Debug|Any CPU
		{302757F7-3C03-4E9F-B959-4E8DD5FA107D}.Debug|Any CPU.Build.0 = Debug|Any CPU
		{302757F7-3C03-4E9F-B959-4E8DD5FA107D}.Release|Any CPU.ActiveCfg = Release|Any CPU
		{302757F7-3C03-4E9F-B959-4E8DD5FA107D}.Release|Any CPU.Build.0 = Release|Any CPU
	EndGlobalSection
	GlobalSection(SolutionProperties) = preSolution
		HideSolutionNode = FALSE
	EndGlobalSection
	GlobalSection(ExtensibilityGlobals) = postSolution
		SolutionGuid = {6C9D8170-B3A6-4E2F-915A-C578350F5D33}
	EndGlobalSection
EndGlobal
